dependencies:
  espressif/esp_tinyusb:
    component_hash: c78463b3f4d004f8b11aaf6c0ee3ab6a3a89e29dc63e5d81bddfcec6ec8df0d1
    dependencies:
    - name: idf
      require: private
      version: ^5.0
    - name: espressif/tinyusb
      registry_url: https://components.espressif.com
      require: public
      version: '>=0.14.2'
    source:
      registry_url: https://components.espressif.com/
      type: service
    version: 1.7.3
  espressif/tinyusb:
    component_hash: 10703da2c3cd39a944711ee3d320c6dda54debabf13b4b933a7c90daf102372b
    dependencies:
    - name: idf
      require: private
      version: '>=5.0'
    source:
      registry_url: https://components.espressif.com
      type: service
    targets:
    - esp32s2
    - esp32s3
    - esp32p4
    version: 0.18.0~2
  idf:
    source:
      type: idf
    version: 5.4.1
direct_dependencies:
- espressif/esp_tinyusb
- idf
manifest_hash: a9d41f37d6b17d81425b0e9bf1b860eb5b14f03e2028a2443db9211783edd1ab
target: esp32s3
version: 2.0.0
